
Microsoft Visual Studio Solution File, Format Version 12.00
# Visual Studio Version 16
VisualStudioVersion = 16.0.29209.62
MinimumVisualStudioVersion = 10.0.40219.1
Project("{FAE04EC0-301F-11D3-BF4B-00C04F79EFBC}") = "Dax.Model.Extractor", "Dax.Model.Extractor\Dax.Model.Extractor.csproj", "{ED728880-F58A-4198-BB71-D24AC4883236}"
EndProject
Project("{9A19103F-16F7-4668-BE54-9A1E7A4F7556}") = "Dax.ViewModel", "Dax.ViewModel\Dax.ViewModel.csproj", "{FCFC0033-EA10-4A50-BEFE-EFD02CF6B35C}"
EndProject
Project("{9A19103F-16F7-4668-BE54-9A1E7A4F7556}") = "Dax.ViewVpaExport", "Dax.ViewVpaExport\Dax.ViewVpaExport.csproj", "{D8B86B34-102D-4E98-A57E-A4D3FE29AF8D}"
EndProject
Project("{FAE04EC0-301F-11D3-BF4B-00C04F79EFBC}") = "TestDaxModel", "TestDaxModel\TestDaxModel.csproj", "{05F7D96E-0910-48FE-9F2E-205A079C4760}"
EndProject
Project("{FAE04EC0-301F-11D3-BF4B-00C04F79EFBC}") = "TestDaxWpf", "TestDaxWpf\TestDaxWpf.csproj", "{49931A12-0090-4533-9805-9A317A099985}"
EndProject
Project("{FAE04EC0-301F-11D3-BF4B-00C04F79EFBC}") = "Dax.Vpax", "Dax.Vpax\Dax.Vpax.csproj", "{F57C3CBB-DB2C-4E8C-A2B5-81803913E04A}"
EndProject
Project("{9A19103F-16F7-4668-BE54-9A1E7A4F7556}") = "Dax.Metadata", "Dax.Metadata\Dax.Metadata.csproj", "{A665075A-AFD6-4902-8CC6-E762C4297DAA}"
EndProject
Project("{FAE04EC0-301F-11D3-BF4B-00C04F79EFBC}") = "TestPowerBI", "TestPowerBI\TestPowerBI.csproj", "{41C00525-D3EA-403D-B1BF-4055244F57C9}"
EndProject
Project("{FAE04EC0-301F-11D3-BF4B-00C04F79EFBC}") = "TestWpfPowerBI", "TestWpfPowerBI\TestWpfPowerBI.csproj", "{F40F1ED3-FF9C-4C6F-AE86-6E9DAD6DD122}"
EndProject
Global
	GlobalSection(SolutionConfigurationPlatforms) = preSolution
		Debug|Any CPU = Debug|Any CPU
		Release|Any CPU = Release|Any CPU
	EndGlobalSection
	GlobalSection(ProjectConfigurationPlatforms) = postSolution
		{ED728880-F58A-4198-BB71-D24AC4883236}.Debug|Any CPU.ActiveCfg = Debug|Any CPU
		{ED728880-F58A-4198-BB71-D24AC4883236}.Debug|Any CPU.Build.0 = Debug|Any CPU
		{ED728880-F58A-4198-BB71-D24AC4883236}.Release|Any CPU.ActiveCfg = Release|Any CPU
		{ED728880-F58A-4198-BB71-D24AC4883236}.Release|Any CPU.Build.0 = Release|Any CPU
		{FCFC0033-EA10-4A50-BEFE-EFD02CF6B35C}.Debug|Any CPU.ActiveCfg = Debug|Any CPU
		{FCFC0033-EA10-4A50-BEFE-EFD02CF6B35C}.Debug|Any CPU.Build.0 = Debug|Any CPU
		{FCFC0033-EA10-4A50-BEFE-EFD02CF6B35C}.Release|Any CPU.ActiveCfg = Release|Any CPU
		{FCFC0033-EA10-4A50-BEFE-EFD02CF6B35C}.Release|Any CPU.Build.0 = Release|Any CPU
		{D8B86B34-102D-4E98-A57E-A4D3FE29AF8D}.Debug|Any CPU.ActiveCfg = Debug|Any CPU
		{D8B86B34-102D-4E98-A57E-A4D3FE29AF8D}.Debug|Any CPU.Build.0 = Debug|Any CPU
		{D8B86B34-102D-4E98-A57E-A4D3FE29AF8D}.Release|Any CPU.ActiveCfg = Release|Any CPU
		{D8B86B34-102D-4E98-A57E-A4D3FE29AF8D}.Release|Any CPU.Build.0 = Release|Any CPU
		{05F7D96E-0910-48FE-9F2E-205A079C4760}.Debug|Any CPU.ActiveCfg = Debug|Any CPU
		{05F7D96E-0910-48FE-9F2E-205A079C4760}.Debug|Any CPU.Build.0 = Debug|Any CPU
		{05F7D96E-0910-48FE-9F2E-205A079C4760}.Release|Any CPU.ActiveCfg = Release|Any CPU
		{05F7D96E-0910-48FE-9F2E-205A079C4760}.Release|Any CPU.Build.0 = Release|Any CPU
		{49931A12-0090-4533-9805-9A317A099985}.Debug|Any CPU.ActiveCfg = Debug|Any CPU
		{49931A12-0090-4533-9805-9A317A099985}.Debug|Any CPU.Build.0 = Debug|Any CPU
		{49931A12-0090-4533-9805-9A317A099985}.Release|Any CPU.ActiveCfg = Release|Any CPU
		{49931A12-0090-4533-9805-9A317A099985}.Release|Any CPU.Build.0 = Release|Any CPU
		{F57C3CBB-DB2C-4E8C-A2B5-81803913E04A}.Debug|Any CPU.ActiveCfg = Debug|Any CPU
		{F57C3CBB-DB2C-4E8C-A2B5-81803913E04A}.Debug|Any CPU.Build.0 = Debug|Any CPU
		{F57C3CBB-DB2C-4E8C-A2B5-81803913E04A}.Release|Any CPU.ActiveCfg = Release|Any CPU
		{F57C3CBB-DB2C-4E8C-A2B5-81803913E04A}.Release|Any CPU.Build.0 = Release|Any CPU
		{A665075A-AFD6-4902-8CC6-E762C4297DAA}.Debug|Any CPU.ActiveCfg = Debug|Any CPU
		{A665075A-AFD6-4902-8CC6-E762C4297DAA}.Debug|Any CPU.Build.0 = Debug|Any CPU
		{A665075A-AFD6-4902-8CC6-E762C4297DAA}.Release|Any CPU.ActiveCfg = Release|Any CPU
		{A665075A-AFD6-4902-8CC6-E762C4297DAA}.Release|Any CPU.Build.0 = Release|Any CPU
		{41C00525-D3EA-403D-B1BF-4055244F57C9}.Debug|Any CPU.ActiveCfg = Debug|Any CPU
		{41C00525-D3EA-403D-B1BF-4055244F57C9}.Debug|Any CPU.Build.0 = Debug|Any CPU
		{41C00525-D3EA-403D-B1BF-4055244F57C9}.Release|Any CPU.ActiveCfg = Release|Any CPU
		{41C00525-D3EA-403D-B1BF-4055244F57C9}.Release|Any CPU.Build.0 = Release|Any CPU
		{F40F1ED3-FF9C-4C6F-AE86-6E9DAD6DD122}.Debug|Any CPU.ActiveCfg = Debug|Any CPU
		{F40F1ED3-FF9C-4C6F-AE86-6E9DAD6DD122}.Debug|Any CPU.Build.0 = Debug|Any CPU
		{F40F1ED3-FF9C-4C6F-AE86-6E9DAD6DD122}.Release|Any CPU.ActiveCfg = Release|Any CPU
		{F40F1ED3-FF9C-4C6F-AE86-6E9DAD6DD122}.Release|Any CPU.Build.0 = Release|Any CPU
	EndGlobalSection
	GlobalSection(SolutionProperties) = preSolution
		HideSolutionNode = FALSE
	EndGlobalSection
	GlobalSection(ExtensibilityGlobals) = postSolution
		SolutionGuid = {BF417AA2-7521-408B-A3F5-A20CC760AE6E}
	EndGlobalSection
EndGlobal
