
Microsoft Visual Studio Solution File, Format Version 12.00
# Visual Studio Version 17
VisualStudioVersion = 17.1.32414.318
MinimumVisualStudioVersion = 10.0.40219.1
Project("{9A19103F-16F7-4668-BE54-9A1E7A4F7556}") = "Dax.Model.Extractor", "Dax.Model.Extractor\Dax.Model.Extractor.csproj", "{ED728880-F58A-4198-BB71-D24AC4883236}"
EndProject
Project("{9A19103F-16F7-4668-BE54-9A1E7A4F7556}") = "Dax.ViewModel", "Dax.ViewModel\Dax.ViewModel.csproj", "{FCFC0033-EA10-4A50-BEFE-EFD02CF6B35C}"
EndProject
Project("{9A19103F-16F7-4668-BE54-9A1E7A4F7556}") = "Dax.ViewVpaExport", "Dax.ViewVpaExport\Dax.ViewVpaExport.csproj", "{D8B86B34-102D-4E98-A57E-A4D3FE29AF8D}"
EndProject
Project("{FAE04EC0-301F-11D3-BF4B-00C04F79EFBC}") = "Dax.Vpax", "Dax.Vpax\Dax.Vpax.csproj", "{F57C3CBB-DB2C-4E8C-A2B5-81803913E04A}"
EndProject
Project("{9A19103F-16F7-4668-BE54-9A1E7A4F7556}") = "Dax.Metadata", "Dax.Metadata\Dax.Metadata.csproj", "{A665075A-AFD6-4902-8CC6-E762C4297DAA}"
EndProject
Project("{FAE04EC0-301F-11D3-BF4B-00C04F79EFBC}") = "Dax.Vpax.Tests", "Dax.Vpax.Tests\Dax.Vpax.Tests.csproj", "{9D431830-7502-418F-A1FF-C1518425C7E4}"
EndProject
Project("{2150E333-8FDC-42A3-9474-1A3956D46DE8}") = "Tests", "Tests", "{8E9D56A1-B5BE-46A8-A5F4-2E5039CCAC89}"
EndProject
Global
	GlobalSection(SolutionConfigurationPlatforms) = preSolution
		Debug|Any CPU = Debug|Any CPU
		Release|Any CPU = Release|Any CPU
	EndGlobalSection
	GlobalSection(ProjectConfigurationPlatforms) = postSolution
		{ED728880-F58A-4198-BB71-D24AC4883236}.Debug|Any CPU.ActiveCfg = Debug|Any CPU
		{ED728880-F58A-4198-BB71-D24AC4883236}.Debug|Any CPU.Build.0 = Debug|Any CPU
		{ED728880-F58A-4198-BB71-D24AC4883236}.Release|Any CPU.ActiveCfg = Release|Any CPU
		{ED728880-F58A-4198-BB71-D24AC4883236}.Release|Any CPU.Build.0 = Release|Any CPU
		{FCFC0033-EA10-4A50-BEFE-EFD02CF6B35C}.Debug|Any CPU.ActiveCfg = Debug|Any CPU
		{FCFC0033-EA10-4A50-BEFE-EFD02CF6B35C}.Debug|Any CPU.Build.0 = Debug|Any CPU
		{FCFC0033-EA10-4A50-BEFE-EFD02CF6B35C}.Release|Any CPU.ActiveCfg = Release|Any CPU
		{FCFC0033-EA10-4A50-BEFE-EFD02CF6B35C}.Release|Any CPU.Build.0 = Release|Any CPU
		{D8B86B34-102D-4E98-A57E-A4D3FE29AF8D}.Debug|Any CPU.ActiveCfg = Debug|Any CPU
		{D8B86B34-102D-4E98-A57E-A4D3FE29AF8D}.Debug|Any CPU.Build.0 = Debug|Any CPU
		{D8B86B34-102D-4E98-A57E-A4D3FE29AF8D}.Release|Any CPU.ActiveCfg = Release|Any CPU
		{D8B86B34-102D-4E98-A57E-A4D3FE29AF8D}.Release|Any CPU.Build.0 = Release|Any CPU
		{F57C3CBB-DB2C-4E8C-A2B5-81803913E04A}.Debug|Any CPU.ActiveCfg = Debug|Any CPU
		{F57C3CBB-DB2C-4E8C-A2B5-81803913E04A}.Debug|Any CPU.Build.0 = Debug|Any CPU
		{F57C3CBB-DB2C-4E8C-A2B5-81803913E04A}.Release|Any CPU.ActiveCfg = Release|Any CPU
		{F57C3CBB-DB2C-4E8C-A2B5-81803913E04A}.Release|Any CPU.Build.0 = Release|Any CPU
		{A665075A-AFD6-4902-8CC6-E762C4297DAA}.Debug|Any CPU.ActiveCfg = Debug|Any CPU
		{A665075A-AFD6-4902-8CC6-E762C4297DAA}.Debug|Any CPU.Build.0 = Debug|Any CPU
		{A665075A-AFD6-4902-8CC6-E762C4297DAA}.Release|Any CPU.ActiveCfg = Release|Any CPU
		{A665075A-AFD6-4902-8CC6-E762C4297DAA}.Release|Any CPU.Build.0 = Release|Any CPU
		{9D431830-7502-418F-A1FF-C1518425C7E4}.Debug|Any CPU.ActiveCfg = Debug|Any CPU
		{9D431830-7502-418F-A1FF-C1518425C7E4}.Debug|Any CPU.Build.0 = Debug|Any CPU
		{9D431830-7502-418F-A1FF-C1518425C7E4}.Release|Any CPU.ActiveCfg = Release|Any CPU
		{9D431830-7502-418F-A1FF-C1518425C7E4}.Release|Any CPU.Build.0 = Release|Any CPU
	EndGlobalSection
	GlobalSection(SolutionProperties) = preSolution
		HideSolutionNode = FALSE
	EndGlobalSection
	GlobalSection(NestedProjects) = preSolution
		{9D431830-7502-418F-A1FF-C1518425C7E4} = {8E9D56A1-B5BE-46A8-A5F4-2E5039CCAC89}
	EndGlobalSection
	GlobalSection(ExtensibilityGlobals) = postSolution
		SolutionGuid = {BF417AA2-7521-408B-A3F5-A20CC760AE6E}
	EndGlobalSection
EndGlobal
