
Microsoft Visual Studio Solution File, Format Version 12.00
# Visual Studio Version 17
VisualStudioVersion = 17.1.32414.318
MinimumVisualStudioVersion = 10.0.40219.1
Project("{9A19103F-16F7-4668-BE54-9A1E7A4F7556}") = "Dax.Model.Extractor", "Dax.Model.Extractor\Dax.Model.Extractor.csproj", "{ED728880-F58A-4198-BB71-D24AC4883236}"
EndProject
Project("{9A19103F-16F7-4668-BE54-9A1E7A4F7556}") = "Dax.ViewModel", "Dax.ViewModel\Dax.ViewModel.csproj", "{FCFC0033-EA10-4A50-BEFE-EFD02CF6B35C}"
EndProject
Project("{9A19103F-16F7-4668-BE54-9A1E7A4F7556}") = "Dax.ViewVpaExport", "Dax.ViewVpaExport\Dax.ViewVpaExport.csproj", "{D8B86B34-102D-4E98-A57E-A4D3FE29AF8D}"
EndProject
Project("{9A19103F-16F7-4668-BE54-9A1E7A4F7556}") = "Dax.Vpax", "Dax.Vpax\Dax.Vpax.csproj", "{F57C3CBB-DB2C-4E8C-A2B5-81803913E04A}"
EndProject
Project("{9A19103F-16F7-4668-BE54-9A1E7A4F7556}") = "Dax.Metadata", "Dax.Metadata\Dax.Metadata.csproj", "{A665075A-AFD6-4902-8CC6-E762C4297DAA}"
EndProject
Project("{9A19103F-16F7-4668-BE54-9A1E7A4F7556}") = "Dax.Vpax.Tests", "Dax.Vpax.Tests\Dax.Vpax.Tests.csproj", "{9D431830-7502-418F-A1FF-C1518425C7E4}"
EndProject
Project("{2150E333-8FDC-42A3-9474-1A3956D46DE8}") = "UnitTests", "UnitTests", "{8E9D56A1-B5BE-46A8-A5F4-2E5039CCAC89}"
EndProject
Project("{9A19103F-16F7-4668-BE54-9A1E7A4F7556}") = "Dax.Model.Extractor.Tests", "Dax.Model.Extractor.Tests\Dax.Model.Extractor.Tests.csproj", "{0D4DE4BB-D168-4653-BCD7-F1A507346A0A}"
EndProject
Project("{FAE04EC0-301F-11D3-BF4B-00C04F79EFBC}") = "TestDaxModel", "TestDaxModel\TestDaxModel.csproj", "{05F7D96E-0910-48FE-9F2E-205A079C4760}"
EndProject
Project("{FAE04EC0-301F-11D3-BF4B-00C04F79EFBC}") = "TestDaxWpf", "TestDaxWpf\TestDaxWpf.csproj", "{49931A12-0090-4533-9805-9A317A099985}"
EndProject
Project("{FAE04EC0-301F-11D3-BF4B-00C04F79EFBC}") = "TestPowerBI", "TestPowerBI\TestPowerBI.csproj", "{41C00525-D3EA-403D-B1BF-4055244F57C9}"
EndProject
Project("{FAE04EC0-301F-11D3-BF4B-00C04F79EFBC}") = "TestWpfPowerBI", "TestWpfPowerBI\TestWpfPowerBI.csproj", "{F40F1ED3-FF9C-4C6F-AE86-6E9DAD6DD122}"
EndProject
Project("{9A19103F-16F7-4668-BE54-9A1E7A4F7556}") = "Dax.Metadata.Tests", "Dax.Metadata.Tests\Dax.Metadata.Tests.csproj", "{B58960AE-6FE4-4E95-8DCD-D9F14920A8FF}"
EndProject
Project("{9A19103F-16F7-4668-BE54-9A1E7A4F7556}") = "Dax.Consumer", "Dax.Consumer\Dax.Consumer.csproj", "{20465175-1ED1-4303-8B86-6C243CDD947B}"
EndProject
Project("{9A19103F-16F7-4668-BE54-9A1E7A4F7556}") = "Dax.Tcdx", "Dax.Tcdx\Dax.Tcdx.csproj", "{38947D6A-40B2-40EC-8A0A-5E9CC98DD375}"
	ProjectSection(ProjectDependencies) = postProject
		{20465175-1ED1-4303-8B86-6C243CDD947B} = {20465175-1ED1-4303-8B86-6C243CDD947B}
	EndProjectSection
EndProject
Project("{9A19103F-16F7-4668-BE54-9A1E7A4F7556}") = "Dax.Tcdx.Tests", "Dax.Tcdx.Tests\Dax.Tcdx.Tests.csproj", "{B6C518F7-183C-4BB0-BF96-62C8BF73C242}"
EndProject
Project("{9A19103F-16F7-4668-BE54-9A1E7A4F7556}") = "Dax.Tcdx.Metadata", "Dax.Tcdx.Metadata\Dax.Tcdx.Metadata.csproj", "{131CA598-208B-47B0-8D92-5A42E772967C}"
EndProject
Project("{9A19103F-16F7-4668-BE54-9A1E7A4F7556}") = "Dax.QueryGroup", "Dax.QueryGroup\Dax.QueryGroup.csproj", "{044CDFDC-2978-42D4-BAE3-14854C051E1F}"
EndProject
Global
	GlobalSection(SolutionConfigurationPlatforms) = preSolution
		Debug|Any CPU = Debug|Any CPU
		Release|Any CPU = Release|Any CPU
	EndGlobalSection
	GlobalSection(ProjectConfigurationPlatforms) = postSolution
		{ED728880-F58A-4198-BB71-D24AC4883236}.Debug|Any CPU.ActiveCfg = Debug|Any CPU
		{ED728880-F58A-4198-BB71-D24AC4883236}.Debug|Any CPU.Build.0 = Debug|Any CPU
		{ED728880-F58A-4198-BB71-D24AC4883236}.Release|Any CPU.ActiveCfg = Release|Any CPU
		{ED728880-F58A-4198-BB71-D24AC4883236}.Release|Any CPU.Build.0 = Release|Any CPU
		{FCFC0033-EA10-4A50-BEFE-EFD02CF6B35C}.Debug|Any CPU.ActiveCfg = Debug|Any CPU
		{FCFC0033-EA10-4A50-BEFE-EFD02CF6B35C}.Debug|Any CPU.Build.0 = Debug|Any CPU
		{FCFC0033-EA10-4A50-BEFE-EFD02CF6B35C}.Release|Any CPU.ActiveCfg = Release|Any CPU
		{FCFC0033-EA10-4A50-BEFE-EFD02CF6B35C}.Release|Any CPU.Build.0 = Release|Any CPU
		{D8B86B34-102D-4E98-A57E-A4D3FE29AF8D}.Debug|Any CPU.ActiveCfg = Debug|Any CPU
		{D8B86B34-102D-4E98-A57E-A4D3FE29AF8D}.Debug|Any CPU.Build.0 = Debug|Any CPU
		{D8B86B34-102D-4E98-A57E-A4D3FE29AF8D}.Release|Any CPU.ActiveCfg = Release|Any CPU
		{D8B86B34-102D-4E98-A57E-A4D3FE29AF8D}.Release|Any CPU.Build.0 = Release|Any CPU
		{F57C3CBB-DB2C-4E8C-A2B5-81803913E04A}.Debug|Any CPU.ActiveCfg = Debug|Any CPU
		{F57C3CBB-DB2C-4E8C-A2B5-81803913E04A}.Debug|Any CPU.Build.0 = Debug|Any CPU
		{F57C3CBB-DB2C-4E8C-A2B5-81803913E04A}.Release|Any CPU.ActiveCfg = Release|Any CPU
		{F57C3CBB-DB2C-4E8C-A2B5-81803913E04A}.Release|Any CPU.Build.0 = Release|Any CPU
		{A665075A-AFD6-4902-8CC6-E762C4297DAA}.Debug|Any CPU.ActiveCfg = Debug|Any CPU
		{A665075A-AFD6-4902-8CC6-E762C4297DAA}.Debug|Any CPU.Build.0 = Debug|Any CPU
		{A665075A-AFD6-4902-8CC6-E762C4297DAA}.Release|Any CPU.ActiveCfg = Release|Any CPU
		{A665075A-AFD6-4902-8CC6-E762C4297DAA}.Release|Any CPU.Build.0 = Release|Any CPU
		{9D431830-7502-418F-A1FF-C1518425C7E4}.Debug|Any CPU.ActiveCfg = Debug|Any CPU
		{9D431830-7502-418F-A1FF-C1518425C7E4}.Debug|Any CPU.Build.0 = Debug|Any CPU
		{9D431830-7502-418F-A1FF-C1518425C7E4}.Release|Any CPU.ActiveCfg = Release|Any CPU
		{9D431830-7502-418F-A1FF-C1518425C7E4}.Release|Any CPU.Build.0 = Release|Any CPU
		{0D4DE4BB-D168-4653-BCD7-F1A507346A0A}.Debug|Any CPU.ActiveCfg = Debug|Any CPU
		{0D4DE4BB-D168-4653-BCD7-F1A507346A0A}.Debug|Any CPU.Build.0 = Debug|Any CPU
		{0D4DE4BB-D168-4653-BCD7-F1A507346A0A}.Release|Any CPU.ActiveCfg = Release|Any CPU
		{0D4DE4BB-D168-4653-BCD7-F1A507346A0A}.Release|Any CPU.Build.0 = Release|Any CPU
		{05F7D96E-0910-48FE-9F2E-205A079C4760}.Debug|Any CPU.ActiveCfg = Debug|Any CPU
		{05F7D96E-0910-48FE-9F2E-205A079C4760}.Debug|Any CPU.Build.0 = Debug|Any CPU
		{05F7D96E-0910-48FE-9F2E-205A079C4760}.Release|Any CPU.ActiveCfg = Release|Any CPU
		{05F7D96E-0910-48FE-9F2E-205A079C4760}.Release|Any CPU.Build.0 = Release|Any CPU
		{49931A12-0090-4533-9805-9A317A099985}.Debug|Any CPU.ActiveCfg = Debug|Any CPU
		{49931A12-0090-4533-9805-9A317A099985}.Debug|Any CPU.Build.0 = Debug|Any CPU
		{49931A12-0090-4533-9805-9A317A099985}.Release|Any CPU.ActiveCfg = Release|Any CPU
		{49931A12-0090-4533-9805-9A317A099985}.Release|Any CPU.Build.0 = Release|Any CPU
		{41C00525-D3EA-403D-B1BF-4055244F57C9}.Debug|Any CPU.ActiveCfg = Debug|Any CPU
		{41C00525-D3EA-403D-B1BF-4055244F57C9}.Debug|Any CPU.Build.0 = Debug|Any CPU
		{41C00525-D3EA-403D-B1BF-4055244F57C9}.Release|Any CPU.ActiveCfg = Release|Any CPU
		{41C00525-D3EA-403D-B1BF-4055244F57C9}.Release|Any CPU.Build.0 = Release|Any CPU
		{F40F1ED3-FF9C-4C6F-AE86-6E9DAD6DD122}.Debug|Any CPU.ActiveCfg = Debug|Any CPU
		{F40F1ED3-FF9C-4C6F-AE86-6E9DAD6DD122}.Debug|Any CPU.Build.0 = Debug|Any CPU
		{F40F1ED3-FF9C-4C6F-AE86-6E9DAD6DD122}.Release|Any CPU.ActiveCfg = Release|Any CPU
		{F40F1ED3-FF9C-4C6F-AE86-6E9DAD6DD122}.Release|Any CPU.Build.0 = Release|Any CPU
		{B58960AE-6FE4-4E95-8DCD-D9F14920A8FF}.Debug|Any CPU.ActiveCfg = Debug|Any CPU
		{B58960AE-6FE4-4E95-8DCD-D9F14920A8FF}.Debug|Any CPU.Build.0 = Debug|Any CPU
		{B58960AE-6FE4-4E95-8DCD-D9F14920A8FF}.Release|Any CPU.ActiveCfg = Release|Any CPU
		{B58960AE-6FE4-4E95-8DCD-D9F14920A8FF}.Release|Any CPU.Build.0 = Release|Any CPU
		{20465175-1ED1-4303-8B86-6C243CDD947B}.Debug|Any CPU.ActiveCfg = Debug|Any CPU
		{20465175-1ED1-4303-8B86-6C243CDD947B}.Debug|Any CPU.Build.0 = Debug|Any CPU
		{20465175-1ED1-4303-8B86-6C243CDD947B}.Release|Any CPU.ActiveCfg = Release|Any CPU
		{20465175-1ED1-4303-8B86-6C243CDD947B}.Release|Any CPU.Build.0 = Release|Any CPU
		{38947D6A-40B2-40EC-8A0A-5E9CC98DD375}.Debug|Any CPU.ActiveCfg = Debug|Any CPU
		{38947D6A-40B2-40EC-8A0A-5E9CC98DD375}.Debug|Any CPU.Build.0 = Debug|Any CPU
		{38947D6A-40B2-40EC-8A0A-5E9CC98DD375}.Release|Any CPU.ActiveCfg = Release|Any CPU
		{38947D6A-40B2-40EC-8A0A-5E9CC98DD375}.Release|Any CPU.Build.0 = Release|Any CPU
		{B6C518F7-183C-4BB0-BF96-62C8BF73C242}.Debug|Any CPU.ActiveCfg = Debug|Any CPU
		{B6C518F7-183C-4BB0-BF96-62C8BF73C242}.Debug|Any CPU.Build.0 = Debug|Any CPU
		{B6C518F7-183C-4BB0-BF96-62C8BF73C242}.Release|Any CPU.ActiveCfg = Release|Any CPU
		{B6C518F7-183C-4BB0-BF96-62C8BF73C242}.Release|Any CPU.Build.0 = Release|Any CPU
		{131CA598-208B-47B0-8D92-5A42E772967C}.Debug|Any CPU.ActiveCfg = Debug|Any CPU
		{131CA598-208B-47B0-8D92-5A42E772967C}.Debug|Any CPU.Build.0 = Debug|Any CPU
		{131CA598-208B-47B0-8D92-5A42E772967C}.Release|Any CPU.ActiveCfg = Release|Any CPU
		{131CA598-208B-47B0-8D92-5A42E772967C}.Release|Any CPU.Build.0 = Release|Any CPU
		{044CDFDC-2978-42D4-BAE3-14854C051E1F}.Debug|Any CPU.ActiveCfg = Debug|Any CPU
		{044CDFDC-2978-42D4-BAE3-14854C051E1F}.Debug|Any CPU.Build.0 = Debug|Any CPU
		{044CDFDC-2978-42D4-BAE3-14854C051E1F}.Release|Any CPU.ActiveCfg = Release|Any CPU
		{044CDFDC-2978-42D4-BAE3-14854C051E1F}.Release|Any CPU.Build.0 = Release|Any CPU
	EndGlobalSection
	GlobalSection(SolutionProperties) = preSolution
		HideSolutionNode = FALSE
	EndGlobalSection
	GlobalSection(NestedProjects) = preSolution
		{9D431830-7502-418F-A1FF-C1518425C7E4} = {8E9D56A1-B5BE-46A8-A5F4-2E5039CCAC89}
		{0D4DE4BB-D168-4653-BCD7-F1A507346A0A} = {8E9D56A1-B5BE-46A8-A5F4-2E5039CCAC89}
		{B58960AE-6FE4-4E95-8DCD-D9F14920A8FF} = {8E9D56A1-B5BE-46A8-A5F4-2E5039CCAC89}
		{B6C518F7-183C-4BB0-BF96-62C8BF73C242} = {8E9D56A1-B5BE-46A8-A5F4-2E5039CCAC89}
	EndGlobalSection
	GlobalSection(ExtensibilityGlobals) = postSolution
		SolutionGuid = {BF417AA2-7521-408B-A3F5-A20CC760AE6E}
	EndGlobalSection
EndGlobal
